// !$*UTF8*$!
{
	archiveVersion = 1;
	classes = {
	};
	objectVersion = 56;
	objects = {

/* Begin PBXBuildFile section */
		1F50351729CF8C380025CBCA /* User.swift in Sources */ = {isa = PBXBuildFile; fileRef = 1F50351629CF8C380025CBCA /* User.swift */; };
		1F50351B29CF90F20025CBCA /* Destination.swift in Sources */ = {isa = PBXBuildFile; fileRef = 1F50351A29CF90F20025CBCA /* Destination.swift */; };
		1F6D7EA529DA3F2D001AC1BA /* StreamViewController.swift in Sources */ = {isa = PBXBuildFile; fileRef = 1F6D7EA429DA3F2D001AC1BA /* StreamViewController.swift */; };
		1F6D7EA729DA3F78001AC1BA /* StreamCell.swift in Sources */ = {isa = PBXBuildFile; fileRef = 1F6D7EA629DA3F78001AC1BA /* StreamCell.swift */; };
		9154B12B29DA5E6E00774A44 /* DetailCell.swift in Sources */ = {isa = PBXBuildFile; fileRef = 9154B12A29DA5E6E00774A44 /* DetailCell.swift */; };
		9154B12E29DA5EBB00774A44 /* Nuke in Frameworks */ = {isa = PBXBuildFile; productRef = 9154B12D29DA5EBB00774A44 /* Nuke */; };
		CB69974E2910F705007EDA6B /* Filmotype-Jade.otf in Resources */ = {isa = PBXBuildFile; fileRef = CB69974C2910F704007EDA6B /* Filmotype-Jade.otf */; };
		CB6997512911044D007EDA6B /* SignUpViewController.swift in Sources */ = {isa = PBXBuildFile; fileRef = CB6997502911044D007EDA6B /* SignUpViewController.swift */; };
		CB6997532911354B007EDA6B /* CreationViewController.swift in Sources */ = {isa = PBXBuildFile; fileRef = CB6997522911354B007EDA6B /* CreationViewController.swift */; };
		CB73D395290E3B4A00C12538 /* AppDelegate.swift in Sources */ = {isa = PBXBuildFile; fileRef = CB73D394290E3B4A00C12538 /* AppDelegate.swift */; };
		CB73D397290E3B4A00C12538 /* SceneDelegate.swift in Sources */ = {isa = PBXBuildFile; fileRef = CB73D396290E3B4A00C12538 /* SceneDelegate.swift */; };
		CB73D399290E3B4A00C12538 /* LoginViewController.swift in Sources */ = {isa = PBXBuildFile; fileRef = CB73D398290E3B4A00C12538 /* LoginViewController.swift */; };
		CB73D39C290E3B4A00C12538 /* Main.storyboard in Resources */ = {isa = PBXBuildFile; fileRef = CB73D39A290E3B4A00C12538 /* Main.storyboard */; };
		CB73D39E290E3B4C00C12538 /* Assets.xcassets in Resources */ = {isa = PBXBuildFile; fileRef = CB73D39D290E3B4C00C12538 /* Assets.xcassets */; };
		CB73D3A1290E3B4C00C12538 /* LaunchScreen.storyboard in Resources */ = {isa = PBXBuildFile; fileRef = CB73D39F290E3B4C00C12538 /* LaunchScreen.storyboard */; };
		CB7896EC2935A3D500635932 /* ParseSwift in Frameworks */ = {isa = PBXBuildFile; productRef = CB7896EB2935A3D500635932 /* ParseSwift */; };
		CB7896F429361CC600635932 /* AlamofireImage in Frameworks */ = {isa = PBXBuildFile; productRef = CB7896F329361CC600635932 /* AlamofireImage */; };
		CBCDFAFE291144DA001F1CF1 /* DetailViewController.swift in Sources */ = {isa = PBXBuildFile; fileRef = CBCDFAFD291144DA001F1CF1 /* DetailViewController.swift */; };
/* End PBXBuildFile section */

/* Begin PBXFileReference section */
		1F50351629CF8C380025CBCA /* User.swift */ = {isa = PBXFileReference; lastKnownFileType = sourcecode.swift; path = User.swift; sourceTree = "<group>"; };
		1F50351A29CF90F20025CBCA /* Destination.swift */ = {isa = PBXFileReference; lastKnownFileType = sourcecode.swift; path = Destination.swift; sourceTree = "<group>"; };
		1F6D7EA429DA3F2D001AC1BA /* StreamViewController.swift */ = {isa = PBXFileReference; lastKnownFileType = sourcecode.swift; path = StreamViewController.swift; sourceTree = "<group>"; };
		1F6D7EA629DA3F78001AC1BA /* StreamCell.swift */ = {isa = PBXFileReference; lastKnownFileType = sourcecode.swift; path = StreamCell.swift; sourceTree = "<group>"; };
		9154B12A29DA5E6E00774A44 /* DetailCell.swift */ = {isa = PBXFileReference; lastKnownFileType = sourcecode.swift; path = DetailCell.swift; sourceTree = "<group>"; };
		CB69974C2910F704007EDA6B /* Filmotype-Jade.otf */ = {isa = PBXFileReference; lastKnownFileType = file; path = "Filmotype-Jade.otf"; sourceTree = "<group>"; };
		CB6997502911044D007EDA6B /* SignUpViewController.swift */ = {isa = PBXFileReference; lastKnownFileType = sourcecode.swift; path = SignUpViewController.swift; sourceTree = "<group>"; };
		CB6997522911354B007EDA6B /* CreationViewController.swift */ = {isa = PBXFileReference; lastKnownFileType = sourcecode.swift; path = CreationViewController.swift; sourceTree = "<group>"; };
		CB73D391290E3B4A00C12538 /* HasBeen.app */ = {isa = PBXFileReference; explicitFileType = wrapper.application; includeInIndex = 0; path = HasBeen.app; sourceTree = BUILT_PRODUCTS_DIR; };
		CB73D394290E3B4A00C12538 /* AppDelegate.swift */ = {isa = PBXFileReference; lastKnownFileType = sourcecode.swift; path = AppDelegate.swift; sourceTree = "<group>"; };
		CB73D396290E3B4A00C12538 /* SceneDelegate.swift */ = {isa = PBXFileReference; lastKnownFileType = sourcecode.swift; path = SceneDelegate.swift; sourceTree = "<group>"; };
		CB73D398290E3B4A00C12538 /* LoginViewController.swift */ = {isa = PBXFileReference; lastKnownFileType = sourcecode.swift; path = LoginViewController.swift; sourceTree = "<group>"; };
		CB73D39B290E3B4A00C12538 /* Base */ = {isa = PBXFileReference; lastKnownFileType = file.storyboard; name = Base; path = Base.lproj/Main.storyboard; sourceTree = "<group>"; };
		CB73D39D290E3B4C00C12538 /* Assets.xcassets */ = {isa = PBXFileReference; lastKnownFileType = folder.assetcatalog; path = Assets.xcassets; sourceTree = "<group>"; };
		CB73D3A0290E3B4C00C12538 /* Base */ = {isa = PBXFileReference; lastKnownFileType = file.storyboard; name = Base; path = Base.lproj/LaunchScreen.storyboard; sourceTree = "<group>"; };
		CB73D3A2290E3B4C00C12538 /* Info.plist */ = {isa = PBXFileReference; lastKnownFileType = text.plist.xml; path = Info.plist; sourceTree = "<group>"; };
		CBCDFAFD291144DA001F1CF1 /* DetailViewController.swift */ = {isa = PBXFileReference; lastKnownFileType = sourcecode.swift; path = DetailViewController.swift; sourceTree = "<group>"; };
/* End PBXFileReference section */

/* Begin PBXFrameworksBuildPhase section */
		CB73D38E290E3B4A00C12538 /* Frameworks */ = {
			isa = PBXFrameworksBuildPhase;
			buildActionMask = 2147483647;
			files = (
				9154B12E29DA5EBB00774A44 /* Nuke in Frameworks */,
				CB7896EC2935A3D500635932 /* ParseSwift in Frameworks */,
				CB7896F429361CC600635932 /* AlamofireImage in Frameworks */,
			);
			runOnlyForDeploymentPostprocessing = 0;
		};
/* End PBXFrameworksBuildPhase section */

/* Begin PBXGroup section */
		1F50351529CF8C020025CBCA /* Models */ = {
			isa = PBXGroup;
			children = (
				1F50351629CF8C380025CBCA /* User.swift */,
				1F50351A29CF90F20025CBCA /* Destination.swift */,
			);
			path = Models;
			sourceTree = "<group>";
		};
		1F6D7EA329DA3ED6001AC1BA /* Stream */ = {
			isa = PBXGroup;
			children = (
				1F6D7EA429DA3F2D001AC1BA /* StreamViewController.swift */,
				1F6D7EA629DA3F78001AC1BA /* StreamCell.swift */,
			);
			path = Stream;
			sourceTree = "<group>";
		};
		CB13E51B2913A0E7008F45BB /* Login */ = {
			isa = PBXGroup;
			children = (
				CB73D398290E3B4A00C12538 /* LoginViewController.swift */,
				CB6997502911044D007EDA6B /* SignUpViewController.swift */,
			);
			path = Login;
			sourceTree = "<group>";
		};
		CB13E51C2913A100008F45BB /* Detail */ = {
			isa = PBXGroup;
			children = (
				CBCDFAFD291144DA001F1CF1 /* DetailViewController.swift */,
				9154B12A29DA5E6E00774A44 /* DetailCell.swift */,
			);
			path = Detail;
			sourceTree = "<group>";
		};
		CB13E51D2913A121008F45BB /* Creation */ = {
			isa = PBXGroup;
			children = (
				CB6997522911354B007EDA6B /* CreationViewController.swift */,
			);
			path = Creation;
			sourceTree = "<group>";
		};
		CB6997472910E7E3007EDA6B /* Fonts */ = {
			isa = PBXGroup;
			children = (
				CB69974C2910F704007EDA6B /* Filmotype-Jade.otf */,
			);
			path = Fonts;
			sourceTree = "<group>";
		};
		CB73D388290E3B4A00C12538 = {
			isa = PBXGroup;
			children = (
				CB73D393290E3B4A00C12538 /* HasBeen */,
				CB73D392290E3B4A00C12538 /* Products */,
			);
			sourceTree = "<group>";
		};
		CB73D392290E3B4A00C12538 /* Products */ = {
			isa = PBXGroup;
			children = (
				CB73D391290E3B4A00C12538 /* HasBeen.app */,
			);
			name = Products;
			sourceTree = "<group>";
		};
		CB73D393290E3B4A00C12538 /* HasBeen */ = {
			isa = PBXGroup;
			children = (
				1F6D7EA329DA3ED6001AC1BA /* Stream */,
				1F50351529CF8C020025CBCA /* Models */,
				CB6997472910E7E3007EDA6B /* Fonts */,
				CB73D394290E3B4A00C12538 /* AppDelegate.swift */,
				CB73D396290E3B4A00C12538 /* SceneDelegate.swift */,
				CB13E51B2913A0E7008F45BB /* Login */,
				CB13E51D2913A121008F45BB /* Creation */,
				CB13E51C2913A100008F45BB /* Detail */,
				CB73D39A290E3B4A00C12538 /* Main.storyboard */,
				CB73D39D290E3B4C00C12538 /* Assets.xcassets */,
				CB73D39F290E3B4C00C12538 /* LaunchScreen.storyboard */,
				CB73D3A2290E3B4C00C12538 /* Info.plist */,
			);
			path = HasBeen;
			sourceTree = "<group>";
		};
/* End PBXGroup section */

/* Begin PBXNativeTarget section */
		CB73D390290E3B4A00C12538 /* HasBeen */ = {
			isa = PBXNativeTarget;
			buildConfigurationList = CB73D3A5290E3B4C00C12538 /* Build configuration list for PBXNativeTarget "HasBeen" */;
			buildPhases = (
				CB73D38D290E3B4A00C12538 /* Sources */,
				CB73D38E290E3B4A00C12538 /* Frameworks */,
				CB73D38F290E3B4A00C12538 /* Resources */,
			);
			buildRules = (
			);
			dependencies = (
			);
			name = HasBeen;
			packageProductDependencies = (
				CB7896EB2935A3D500635932 /* ParseSwift */,
				CB7896F329361CC600635932 /* AlamofireImage */,
				9154B12D29DA5EBB00774A44 /* Nuke */,
			);
			productName = "lab-insta-parse";
			productReference = CB73D391290E3B4A00C12538 /* HasBeen.app */;
			productType = "com.apple.product-type.application";
		};
/* End PBXNativeTarget section */

/* Begin PBXProject section */
		CB73D389290E3B4A00C12538 /* Project object */ = {
			isa = PBXProject;
			attributes = {
				BuildIndependentTargetsInParallel = 1;
				LastSwiftUpdateCheck = 1400;
				LastUpgradeCheck = 1400;
				TargetAttributes = {
					CB73D390290E3B4A00C12538 = {
						CreatedOnToolsVersion = 14.0.1;
					};
				};
			};
			buildConfigurationList = CB73D38C290E3B4A00C12538 /* Build configuration list for PBXProject "HasBeen" */;
			compatibilityVersion = "Xcode 14.0";
			developmentRegion = en;
			hasScannedForEncodings = 0;
			knownRegions = (
				en,
				Base,
			);
			mainGroup = CB73D388290E3B4A00C12538;
			packageReferences = (
				CB7896EA2935A3D500635932 /* XCRemoteSwiftPackageReference "Parse-Swift" */,
				CB7896F229361CC600635932 /* XCRemoteSwiftPackageReference "AlamofireImage" */,
				9154B12C29DA5EBB00774A44 /* XCRemoteSwiftPackageReference "Nuke" */,
			);
			productRefGroup = CB73D392290E3B4A00C12538 /* Products */;
			projectDirPath = "";
			projectRoot = "";
			targets = (
				CB73D390290E3B4A00C12538 /* HasBeen */,
			);
		};
/* End PBXProject section */

/* Begin PBXResourcesBuildPhase section */
		CB73D38F290E3B4A00C12538 /* Resources */ = {
			isa = PBXResourcesBuildPhase;
			buildActionMask = 2147483647;
			files = (
				CB73D3A1290E3B4C00C12538 /* LaunchScreen.storyboard in Resources */,
				CB73D39E290E3B4C00C12538 /* Assets.xcassets in Resources */,
				CB69974E2910F705007EDA6B /* Filmotype-Jade.otf in Resources */,
				CB73D39C290E3B4A00C12538 /* Main.storyboard in Resources */,
			);
			runOnlyForDeploymentPostprocessing = 0;
		};
/* End PBXResourcesBuildPhase section */

/* Begin PBXSourcesBuildPhase section */
		CB73D38D290E3B4A00C12538 /* Sources */ = {
			isa = PBXSourcesBuildPhase;
			buildActionMask = 2147483647;
			files = (
				CBCDFAFE291144DA001F1CF1 /* DetailViewController.swift in Sources */,
				9154B12B29DA5E6E00774A44 /* DetailCell.swift in Sources */,
				CB73D399290E3B4A00C12538 /* LoginViewController.swift in Sources */,
				CB73D395290E3B4A00C12538 /* AppDelegate.swift in Sources */,
				CB6997532911354B007EDA6B /* CreationViewController.swift in Sources */,
				CB6997512911044D007EDA6B /* SignUpViewController.swift in Sources */,
				1F6D7EA529DA3F2D001AC1BA /* StreamViewController.swift in Sources */,
				CB73D397290E3B4A00C12538 /* SceneDelegate.swift in Sources */,
				1F50351B29CF90F20025CBCA /* Destination.swift in Sources */,
				1F50351729CF8C380025CBCA /* User.swift in Sources */,
				1F6D7EA729DA3F78001AC1BA /* StreamCell.swift in Sources */,
			);
			runOnlyForDeploymentPostprocessing = 0;
		};
/* End PBXSourcesBuildPhase section */

/* Begin PBXVariantGroup section */
		CB73D39A290E3B4A00C12538 /* Main.storyboard */ = {
			isa = PBXVariantGroup;
			children = (
				CB73D39B290E3B4A00C12538 /* Base */,
			);
			name = Main.storyboard;
			sourceTree = "<group>";
		};
		CB73D39F290E3B4C00C12538 /* LaunchScreen.storyboard */ = {
			isa = PBXVariantGroup;
			children = (
				CB73D3A0290E3B4C00C12538 /* Base */,
			);
			name = LaunchScreen.storyboard;
			sourceTree = "<group>";
		};
/* End PBXVariantGroup section */

/* Begin XCBuildConfiguration section */
		CB73D3A3290E3B4C00C12538 /* Debug */ = {
			isa = XCBuildConfiguration;
			buildSettings = {
				ALWAYS_SEARCH_USER_PATHS = NO;
				CLANG_ANALYZER_NONNULL = YES;
				CLANG_ANALYZER_NUMBER_OBJECT_CONVERSION = YES_AGGRESSIVE;
				CLANG_CXX_LANGUAGE_STANDARD = "gnu++20";
				CLANG_ENABLE_MODULES = YES;
				CLANG_ENABLE_OBJC_ARC = YES;
				CLANG_ENABLE_OBJC_WEAK = YES;
				CLANG_WARN_BLOCK_CAPTURE_AUTORELEASING = YES;
				CLANG_WARN_BOOL_CONVERSION = YES;
				CLANG_WARN_COMMA = YES;
				CLANG_WARN_CONSTANT_CONVERSION = YES;
				CLANG_WARN_DEPRECATED_OBJC_IMPLEMENTATIONS = YES;
				CLANG_WARN_DIRECT_OBJC_ISA_USAGE = YES_ERROR;
				CLANG_WARN_DOCUMENTATION_COMMENTS = YES;
				CLANG_WARN_EMPTY_BODY = YES;
				CLANG_WARN_ENUM_CONVERSION = YES;
				CLANG_WARN_INFINITE_RECURSION = YES;
				CLANG_WARN_INT_CONVERSION = YES;
				CLANG_WARN_NON_LITERAL_NULL_CONVERSION = YES;
				CLANG_WARN_OBJC_IMPLICIT_RETAIN_SELF = YES;
				CLANG_WARN_OBJC_LITERAL_CONVERSION = YES;
				CLANG_WARN_OBJC_ROOT_CLASS = YES_ERROR;
				CLANG_WARN_QUOTED_INCLUDE_IN_FRAMEWORK_HEADER = YES;
				CLANG_WARN_RANGE_LOOP_ANALYSIS = YES;
				CLANG_WARN_STRICT_PROTOTYPES = YES;
				CLANG_WARN_SUSPICIOUS_MOVE = YES;
				CLANG_WARN_UNGUARDED_AVAILABILITY = YES_AGGRESSIVE;
				CLANG_WARN_UNREACHABLE_CODE = YES;
				CLANG_WARN__DUPLICATE_METHOD_MATCH = YES;
				COPY_PHASE_STRIP = NO;
				DEBUG_INFORMATION_FORMAT = dwarf;
				ENABLE_STRICT_OBJC_MSGSEND = YES;
				ENABLE_TESTABILITY = YES;
				GCC_C_LANGUAGE_STANDARD = gnu11;
				GCC_DYNAMIC_NO_PIC = NO;
				GCC_NO_COMMON_BLOCKS = YES;
				GCC_OPTIMIZATION_LEVEL = 0;
				GCC_PREPROCESSOR_DEFINITIONS = (
					"DEBUG=1",
					"$(inherited)",
				);
				GCC_WARN_64_TO_32_BIT_CONVERSION = YES;
				GCC_WARN_ABOUT_RETURN_TYPE = YES_ERROR;
				GCC_WARN_UNDECLARED_SELECTOR = YES;
				GCC_WARN_UNINITIALIZED_AUTOS = YES_AGGRESSIVE;
				GCC_WARN_UNUSED_FUNCTION = YES;
				GCC_WARN_UNUSED_VARIABLE = YES;
				IPHONEOS_DEPLOYMENT_TARGET = 15.6;
				MTL_ENABLE_DEBUG_INFO = INCLUDE_SOURCE;
				MTL_FAST_MATH = YES;
				ONLY_ACTIVE_ARCH = YES;
				SDKROOT = iphoneos;
				SWIFT_ACTIVE_COMPILATION_CONDITIONS = DEBUG;
				SWIFT_OPTIMIZATION_LEVEL = "-Onone";
			};
			name = Debug;
		};
		CB73D3A4290E3B4C00C12538 /* Release */ = {
			isa = XCBuildConfiguration;
			buildSettings = {
				ALWAYS_SEARCH_USER_PATHS = NO;
				CLANG_ANALYZER_NONNULL = YES;
				CLANG_ANALYZER_NUMBER_OBJECT_CONVERSION = YES_AGGRESSIVE;
				CLANG_CXX_LANGUAGE_STANDARD = "gnu++20";
				CLANG_ENABLE_MODULES = YES;
				CLANG_ENABLE_OBJC_ARC = YES;
				CLANG_ENABLE_OBJC_WEAK = YES;
				CLANG_WARN_BLOCK_CAPTURE_AUTORELEASING = YES;
				CLANG_WARN_BOOL_CONVERSION = YES;
				CLANG_WARN_COMMA = YES;
				CLANG_WARN_CONSTANT_CONVERSION = YES;
				CLANG_WARN_DEPRECATED_OBJC_IMPLEMENTATIONS = YES;
				CLANG_WARN_DIRECT_OBJC_ISA_USAGE = YES_ERROR;
				CLANG_WARN_DOCUMENTATION_COMMENTS = YES;
				CLANG_WARN_EMPTY_BODY = YES;
				CLANG_WARN_ENUM_CONVERSION = YES;
				CLANG_WARN_INFINITE_RECURSION = YES;
				CLANG_WARN_INT_CONVERSION = YES;
				CLANG_WARN_NON_LITERAL_NULL_CONVERSION = YES;
				CLANG_WARN_OBJC_IMPLICIT_RETAIN_SELF = YES;
				CLANG_WARN_OBJC_LITERAL_CONVERSION = YES;
				CLANG_WARN_OBJC_ROOT_CLASS = YES_ERROR;
				CLANG_WARN_QUOTED_INCLUDE_IN_FRAMEWORK_HEADER = YES;
				CLANG_WARN_RANGE_LOOP_ANALYSIS = YES;
				CLANG_WARN_STRICT_PROTOTYPES = YES;
				CLANG_WARN_SUSPICIOUS_MOVE = YES;
				CLANG_WARN_UNGUARDED_AVAILABILITY = YES_AGGRESSIVE;
				CLANG_WARN_UNREACHABLE_CODE = YES;
				CLANG_WARN__DUPLICATE_METHOD_MATCH = YES;
				COPY_PHASE_STRIP = NO;
				DEBUG_INFORMATION_FORMAT = "dwarf-with-dsym";
				ENABLE_NS_ASSERTIONS = NO;
				ENABLE_STRICT_OBJC_MSGSEND = YES;
				GCC_C_LANGUAGE_STANDARD = gnu11;
				GCC_NO_COMMON_BLOCKS = YES;
				GCC_WARN_64_TO_32_BIT_CONVERSION = YES;
				GCC_WARN_ABOUT_RETURN_TYPE = YES_ERROR;
				GCC_WARN_UNDECLARED_SELECTOR = YES;
				GCC_WARN_UNINITIALIZED_AUTOS = YES_AGGRESSIVE;
				GCC_WARN_UNUSED_FUNCTION = YES;
				GCC_WARN_UNUSED_VARIABLE = YES;
				IPHONEOS_DEPLOYMENT_TARGET = 15.6;
				MTL_ENABLE_DEBUG_INFO = NO;
				MTL_FAST_MATH = YES;
				SDKROOT = iphoneos;
				SWIFT_COMPILATION_MODE = wholemodule;
				SWIFT_OPTIMIZATION_LEVEL = "-O";
				VALIDATE_PRODUCT = YES;
			};
			name = Release;
		};
		CB73D3A6290E3B4C00C12538 /* Debug */ = {
			isa = XCBuildConfiguration;
			buildSettings = {
				ASSETCATALOG_COMPILER_APPICON_NAME = AppIcon;
				ASSETCATALOG_COMPILER_GLOBAL_ACCENT_COLOR_NAME = AccentColor;
				CODE_SIGN_STYLE = Automatic;
				CURRENT_PROJECT_VERSION = 1;
				DEVELOPMENT_TEAM = T8K2P24DB5;
				GENERATE_INFOPLIST_FILE = YES;
				INFOPLIST_FILE = HasBeen/Info.plist;
				INFOPLIST_KEY_UIApplicationSupportsIndirectInputEvents = YES;
				INFOPLIST_KEY_UILaunchStoryboardName = LaunchScreen;
				INFOPLIST_KEY_UIMainStoryboardFile = Main;
				INFOPLIST_KEY_UISupportedInterfaceOrientations_iPad = "UIInterfaceOrientationPortrait UIInterfaceOrientationPortraitUpsideDown UIInterfaceOrientationLandscapeLeft UIInterfaceOrientationLandscapeRight";
				INFOPLIST_KEY_UISupportedInterfaceOrientations_iPhone = "UIInterfaceOrientationPortrait UIInterfaceOrientationLandscapeLeft UIInterfaceOrientationLandscapeRight";
				LD_RUNPATH_SEARCH_PATHS = (
					"$(inherited)",
					"@executable_path/Frameworks",
				);
				MARKETING_VERSION = 1.0;
				PRODUCT_BUNDLE_IDENTIFIER = com.davidpegg.HasBeen;
				PRODUCT_NAME = "$(TARGET_NAME)";
				SWIFT_EMIT_LOC_STRINGS = YES;
				SWIFT_VERSION = 5.0;
				TARGETED_DEVICE_FAMILY = "1,2";
			};
			name = Debug;
		};
		CB73D3A7290E3B4C00C12538 /* Release */ = {
			isa = XCBuildConfiguration;
			buildSettings = {
				ASSETCATALOG_COMPILER_APPICON_NAME = AppIcon;
				ASSETCATALOG_COMPILER_GLOBAL_ACCENT_COLOR_NAME = AccentColor;
				CODE_SIGN_STYLE = Automatic;
				CURRENT_PROJECT_VERSION = 1;
				DEVELOPMENT_TEAM = T8K2P24DB5;
				GENERATE_INFOPLIST_FILE = YES;
				INFOPLIST_FILE = HasBeen/Info.plist;
				INFOPLIST_KEY_UIApplicationSupportsIndirectInputEvents = YES;
				INFOPLIST_KEY_UILaunchStoryboardName = LaunchScreen;
				INFOPLIST_KEY_UIMainStoryboardFile = Main;
				INFOPLIST_KEY_UISupportedInterfaceOrientations_iPad = "UIInterfaceOrientationPortrait UIInterfaceOrientationPortraitUpsideDown UIInterfaceOrientationLandscapeLeft UIInterfaceOrientationLandscapeRight";
				INFOPLIST_KEY_UISupportedInterfaceOrientations_iPhone = "UIInterfaceOrientationPortrait UIInterfaceOrientationLandscapeLeft UIInterfaceOrientationLandscapeRight";
				LD_RUNPATH_SEARCH_PATHS = (
					"$(inherited)",
					"@executable_path/Frameworks",
				);
				MARKETING_VERSION = 1.0;
				PRODUCT_BUNDLE_IDENTIFIER = com.davidpegg.HasBeen;
				PRODUCT_NAME = "$(TARGET_NAME)";
				SWIFT_EMIT_LOC_STRINGS = YES;
				SWIFT_VERSION = 5.0;
				TARGETED_DEVICE_FAMILY = "1,2";
			};
			name = Release;
		};
/* End XCBuildConfiguration section */

/* Begin XCConfigurationList section */
		CB73D38C290E3B4A00C12538 /* Build configuration list for PBXProject "HasBeen" */ = {
			isa = XCConfigurationList;
			buildConfigurations = (
				CB73D3A3290E3B4C00C12538 /* Debug */,
				CB73D3A4290E3B4C00C12538 /* Release */,
			);
			defaultConfigurationIsVisible = 0;
			defaultConfigurationName = Release;
		};
		CB73D3A5290E3B4C00C12538 /* Build configuration list for PBXNativeTarget "HasBeen" */ = {
			isa = XCConfigurationList;
			buildConfigurations = (
				CB73D3A6290E3B4C00C12538 /* Debug */,
				CB73D3A7290E3B4C00C12538 /* Release */,
			);
			defaultConfigurationIsVisible = 0;
			defaultConfigurationName = Release;
		};
/* End XCConfigurationList section */

/* Begin XCRemoteSwiftPackageReference section */
		9154B12C29DA5EBB00774A44 /* XCRemoteSwiftPackageReference "Nuke" */ = {
			isa = XCRemoteSwiftPackageReference;
			repositoryURL = "https://github.com/kean/Nuke.git";
			requirement = {
				kind = exactVersion;
				version = 9.6.1;
			};
		};
		CB7896EA2935A3D500635932 /* XCRemoteSwiftPackageReference "Parse-Swift" */ = {
			isa = XCRemoteSwiftPackageReference;
			repositoryURL = "https://github.com/parse-community/Parse-Swift";
			requirement = {
				kind = upToNextMajorVersion;
				minimumVersion = 4.0.0;
			};
		};
		CB7896F229361CC600635932 /* XCRemoteSwiftPackageReference "AlamofireImage" */ = {
			isa = XCRemoteSwiftPackageReference;
			repositoryURL = "https://github.com/Alamofire/AlamofireImage.git";
			requirement = {
				kind = upToNextMajorVersion;
				minimumVersion = 4.0.0;
			};
		};
/* End XCRemoteSwiftPackageReference section */

/* Begin XCSwiftPackageProductDependency section */
		9154B12D29DA5EBB00774A44 /* Nuke */ = {
			isa = XCSwiftPackageProductDependency;
			package = 9154B12C29DA5EBB00774A44 /* XCRemoteSwiftPackageReference "Nuke" */;
			productName = Nuke;
		};
		CB7896EB2935A3D500635932 /* ParseSwift */ = {
			isa = XCSwiftPackageProductDependency;
			package = CB7896EA2935A3D500635932 /* XCRemoteSwiftPackageReference "Parse-Swift" */;
			productName = ParseSwift;
		};
		CB7896F329361CC600635932 /* AlamofireImage */ = {
			isa = XCSwiftPackageProductDependency;
			package = CB7896F229361CC600635932 /* XCRemoteSwiftPackageReference "AlamofireImage" */;
			productName = AlamofireImage;
		};
/* End XCSwiftPackageProductDependency section */
	};
	rootObject = CB73D389290E3B4A00C12538 /* Project object */;
}
